
Microsoft Visual Studio Solution File, Format Version 12.00
# Visual Studio Version 16
VisualStudioVersion = 16.0.29409.12
MinimumVisualStudioVersion = 10.0.40219.1
Project("{8BC9CEB8-8B4A-11D0-8D11-00A0C91BC942}") = "ToyTracer", "ToyTracer\ToyTracer.vcxproj", "{49C40D68-2EE7-40FE-AC0C-75FDDB1B4493}"
EndProject
Global
	GlobalSection(SolutionConfigurationPlatforms) = preSolution
		Debug|x64 = Debug|x64
		Debug|x86 = Debug|x86
		Release|x64 = Release|x64
		Release|x86 = Release|x86
	EndGlobalSection
	GlobalSection(ProjectConfigurationPlatforms) = postSolution
		{49C40D68-2EE7-40FE-AC0C-75FDDB1B4493}.Debug|x64.ActiveCfg = Debug|x64
		{49C40D68-2EE7-40FE-AC0C-75FDDB1B4493}.Debug|x64.Build.0 = Debug|x64
		{49C40D68-2EE7-40FE-AC0C-75FDDB1B4493}.Debug|x86.ActiveCfg = Debug|Win32
		{49C40D68-2EE7-40FE-AC0C-75FDDB1B4493}.Debug|x86.Build.0 = Debug|Win32
		{49C40D68-2EE7-40FE-AC0C-75FDDB1B4493}.Release|x64.ActiveCfg = Release|x64
		{49C40D68-2EE7-40FE-AC0C-75FDDB1B4493}.Release|x64.Build.0 = Release|x64
		{49C40D68-2EE7-40FE-AC0C-75FDDB1B4493}.Release|x86.ActiveCfg = Release|Win32
		{49C40D68-2EE7-40FE-AC0C-75FDDB1B4493}.Release|x86.Build.0 = Release|Win32
	EndGlobalSection
	GlobalSection(SolutionProperties) = preSolution
		HideSolutionNode = FALSE
	EndGlobalSection
	GlobalSection(ExtensibilityGlobals) = postSolution
		SolutionGuid = {B9C20024-4633-412A-8EBD-684174AD8D70}
	EndGlobalSection
EndGlobal
